
Microsoft Visual Studio Solution File, Format Version 12.00
# Visual Studio 15
VisualStudioVersion = 15.0.28307.168
MinimumVisualStudioVersion = 10.0.40219.1
Project("{FAE04EC0-301F-11D3-BF4B-00C04F79EFBC}") = "The_Pirate_Bay", "The_Pirate_Bay\The_Pirate_Bay.csproj", "{4FEE4D7A-5D78-442F-A556-0C57FC917AA5}"
EndProject
Global
	GlobalSection(SolutionConfigurationPlatforms) = preSolution
		Debug|Any CPU = Debug|Any CPU
		Release|Any CPU = Release|Any CPU
	EndGlobalSection
	GlobalSection(ProjectConfigurationPlatforms) = postSolution
		{4FEE4D7A-5D78-442F-A556-0C57FC917AA5}.Debug|Any CPU.ActiveCfg = Debug|Any CPU
		{4FEE4D7A-5D78-442F-A556-0C57FC917AA5}.Debug|Any CPU.Build.0 = Debug|Any CPU
		{4FEE4D7A-5D78-442F-A556-0C57FC917AA5}.Release|Any CPU.ActiveCfg = Release|Any CPU
		{4FEE4D7A-5D78-442F-A556-0C57FC917AA5}.Release|Any CPU.Build.0 = Release|Any CPU
	EndGlobalSection
	GlobalSection(SolutionProperties) = preSolution
		HideSolutionNode = FALSE
	EndGlobalSection
	GlobalSection(ExtensibilityGlobals) = postSolution
		SolutionGuid = {6FA352EB-E69F-4976-9012-C1FE94C0FF26}
	EndGlobalSection
EndGlobal
